
Microsoft Visual Studio Solution File, Format Version 12.00
# Visual Studio Express 2013 for Windows Desktop
VisualStudioVersion = 12.0.30723.0
MinimumVisualStudioVersion = 10.0.40219.1
Project("{8BC9CEB8-8B4A-11D0-8D11-00A0C91BC942}") = "USACO Agri-Net", "USACO Agri-Net\USACO Agri-Net.vcxproj", "{098FFC4E-D70E-4516-9834-0C49B85CF60C}"
EndProject
Global
	GlobalSection(SolutionConfigurationPlatforms) = preSolution
		Debug|Win32 = Debug|Win32
		Release|Win32 = Release|Win32
	EndGlobalSection
	GlobalSection(ProjectConfigurationPlatforms) = postSolution
		{098FFC4E-D70E-4516-9834-0C49B85CF60C}.Debug|Win32.ActiveCfg = Debug|Win32
		{098FFC4E-D70E-4516-9834-0C49B85CF60C}.Debug|Win32.Build.0 = Debug|Win32
		{098FFC4E-D70E-4516-9834-0C49B85CF60C}.Release|Win32.ActiveCfg = Release|Win32
		{098FFC4E-D70E-4516-9834-0C49B85CF60C}.Release|Win32.Build.0 = Release|Win32
	EndGlobalSection
	GlobalSection(SolutionProperties) = preSolution
		HideSolutionNode = FALSE
	EndGlobalSection
EndGlobal
