
Microsoft Visual Studio Solution File, Format Version 12.00
# Visual Studio Express 2013 for Windows Desktop
VisualStudioVersion = 12.0.30723.0
MinimumVisualStudioVersion = 10.0.40219.1
Project("{8BC9CEB8-8B4A-11D0-8D11-00A0C91BC942}") = "USACO 2011 Nov Bronze P1", "USACO 2011 Nov Bronze P1\USACO 2011 Nov Bronze P1.vcxproj", "{E868861D-41BE-4D89-A131-2FF7021E7703}"
EndProject
Global
	GlobalSection(SolutionConfigurationPlatforms) = preSolution
		Debug|Win32 = Debug|Win32
		Release|Win32 = Release|Win32
	EndGlobalSection
	GlobalSection(ProjectConfigurationPlatforms) = postSolution
		{E868861D-41BE-4D89-A131-2FF7021E7703}.Debug|Win32.ActiveCfg = Debug|Win32
		{E868861D-41BE-4D89-A131-2FF7021E7703}.Debug|Win32.Build.0 = Debug|Win32
		{E868861D-41BE-4D89-A131-2FF7021E7703}.Release|Win32.ActiveCfg = Release|Win32
		{E868861D-41BE-4D89-A131-2FF7021E7703}.Release|Win32.Build.0 = Release|Win32
	EndGlobalSection
	GlobalSection(SolutionProperties) = preSolution
		HideSolutionNode = FALSE
	EndGlobalSection
EndGlobal
